// !$*UTF8*$!
{
	archiveVersion = 1;
	classes = {
	};
	objectVersion = 55;
	objects = {

/* Begin PBXBuildFile section */
		85FA33A1279A0E880041A4DB /* AppDelegate.m in Sources */ = {isa = PBXBuildFile; fileRef = 85FA33A0279A0E880041A4DB /* AppDelegate.m */; };
		85FA33A4279A0E880041A4DB /* SceneDelegate.m in Sources */ = {isa = PBXBuildFile; fileRef = 85FA33A3279A0E880041A4DB /* SceneDelegate.m */; };
		85FA33A7279A0E880041A4DB /* ViewController.m in Sources */ = {isa = PBXBuildFile; fileRef = 85FA33A6279A0E880041A4DB /* ViewController.m */; };
		85FA33AA279A0E880041A4DB /* Main.storyboard in Resources */ = {isa = PBXBuildFile; fileRef = 85FA33A8279A0E880041A4DB /* Main.storyboard */; };
		85FA33AC279A0E8A0041A4DB /* Assets.xcassets in Resources */ = {isa = PBXBuildFile; fileRef = 85FA33AB279A0E8A0041A4DB /* Assets.xcassets */; };
		85FA33AF279A0E8A0041A4DB /* LaunchScreen.storyboard in Resources */ = {isa = PBXBuildFile; fileRef = 85FA33AD279A0E8A0041A4DB /* LaunchScreen.storyboard */; };
		85FA33B2279A0E8A0041A4DB /* main.m in Sources */ = {isa = PBXBuildFile; fileRef = 85FA33B1279A0E8A0041A4DB /* main.m */; };
/* End PBXBuildFile section */

/* Begin PBXFileReference section */
		85FA339C279A0E880041A4DB /* calcuu_test.app */ = {isa = PBXFileReference; explicitFileType = wrapper.application; includeInIndex = 0; path = calcuu_test.app; sourceTree = BUILT_PRODUCTS_DIR; };
		85FA339F279A0E880041A4DB /* AppDelegate.h */ = {isa = PBXFileReference; lastKnownFileType = sourcecode.c.h; path = AppDelegate.h; sourceTree = "<group>"; };
		85FA33A0279A0E880041A4DB /* AppDelegate.m */ = {isa = PBXFileReference; lastKnownFileType = sourcecode.c.objc; path = AppDelegate.m; sourceTree = "<group>"; };
		85FA33A2279A0E880041A4DB /* SceneDelegate.h */ = {isa = PBXFileReference; lastKnownFileType = sourcecode.c.h; path = SceneDelegate.h; sourceTree = "<group>"; };
		85FA33A3279A0E880041A4DB /* SceneDelegate.m */ = {isa = PBXFileReference; lastKnownFileType = sourcecode.c.objc; path = SceneDelegate.m; sourceTree = "<group>"; };
		85FA33A5279A0E880041A4DB /* ViewController.h */ = {isa = PBXFileReference; lastKnownFileType = sourcecode.c.h; path = ViewController.h; sourceTree = "<group>"; };
		85FA33A6279A0E880041A4DB /* ViewController.m */ = {isa = PBXFileReference; lastKnownFileType = sourcecode.c.objc; path = ViewController.m; sourceTree = "<group>"; };
		85FA33A9279A0E880041A4DB /* Base */ = {isa = PBXFileReference; lastKnownFileType = file.storyboard; name = Base; path = Base.lproj/Main.storyboard; sourceTree = "<group>"; };
		85FA33AB279A0E8A0041A4DB /* Assets.xcassets */ = {isa = PBXFileReference; lastKnownFileType = folder.assetcatalog; path = Assets.xcassets; sourceTree = "<group>"; };
		85FA33AE279A0E8A0041A4DB /* Base */ = {isa = PBXFileReference; lastKnownFileType = file.storyboard; name = Base; path = Base.lproj/LaunchScreen.storyboard; sourceTree = "<group>"; };
		85FA33B0279A0E8A0041A4DB /* Info.plist */ = {isa = PBXFileReference; lastKnownFileType = text.plist.xml; path = Info.plist; sourceTree = "<group>"; };
		85FA33B1279A0E8A0041A4DB /* main.m */ = {isa = PBXFileReference; lastKnownFileType = sourcecode.c.objc; path = main.m; sourceTree = "<group>"; };
/* End PBXFileReference section */

/* Begin PBXFrameworksBuildPhase section */
		85FA3399279A0E880041A4DB /* Frameworks */ = {
			isa = PBXFrameworksBuildPhase;
			buildActionMask = 2147483647;
			files = (
			);
			runOnlyForDeploymentPostprocessing = 0;
		};
/* End PBXFrameworksBuildPhase section */

/* Begin PBXGroup section */
		85FA3393279A0E880041A4DB = {
			isa = PBXGroup;
			children = (
				85FA339E279A0E880041A4DB /* calcuu_test */,
				85FA339D279A0E880041A4DB /* Products */,
			);
			sourceTree = "<group>";
		};
		85FA339D279A0E880041A4DB /* Products */ = {
			isa = PBXGroup;
			children = (
				85FA339C279A0E880041A4DB /* calcuu_test.app */,
			);
			name = Products;
			sourceTree = "<group>";
		};
		85FA339E279A0E880041A4DB /* calcuu_test */ = {
			isa = PBXGroup;
			children = (
				85FA339F279A0E880041A4DB /* AppDelegate.h */,
				85FA33A0279A0E880041A4DB /* AppDelegate.m */,
				85FA33A2279A0E880041A4DB /* SceneDelegate.h */,
				85FA33A3279A0E880041A4DB /* SceneDelegate.m */,
				85FA33A5279A0E880041A4DB /* ViewController.h */,
				85FA33A6279A0E880041A4DB /* ViewController.m */,
				85FA33A8279A0E880041A4DB /* Main.storyboard */,
				85FA33AB279A0E8A0041A4DB /* Assets.xcassets */,
				85FA33AD279A0E8A0041A4DB /* LaunchScreen.storyboard */,
				85FA33B0279A0E8A0041A4DB /* Info.plist */,
				85FA33B1279A0E8A0041A4DB /* main.m */,
			);
			path = calcuu_test;
			sourceTree = "<group>";
		};
/* End PBXGroup section */

/* Begin PBXNativeTarget section */
		85FA339B279A0E880041A4DB /* calcuu_test */ = {
			isa = PBXNativeTarget;
			buildConfigurationList = 85FA33B5279A0E8A0041A4DB /* Build configuration list for PBXNativeTarget "calcuu_test" */;
			buildPhases = (
				85FA3398279A0E880041A4DB /* Sources */,
				85FA3399279A0E880041A4DB /* Frameworks */,
				85FA339A279A0E880041A4DB /* Resources */,
			);
			buildRules = (
			);
			dependencies = (
			);
			name = calcuu_test;
			productName = calcuu_test;
			productReference = 85FA339C279A0E880041A4DB /* calcuu_test.app */;
			productType = "com.apple.product-type.application";
		};
/* End PBXNativeTarget section */

/* Begin PBXProject section */
		85FA3394279A0E880041A4DB /* Project object */ = {
			isa = PBXProject;
			attributes = {
				BuildIndependentTargetsInParallel = 1;
				LastUpgradeCheck = 1320;
				TargetAttributes = {
					85FA339B279A0E880041A4DB = {
						CreatedOnToolsVersion = 13.2.1;
					};
				};
			};
			buildConfigurationList = 85FA3397279A0E880041A4DB /* Build configuration list for PBXProject "calcuu_test" */;
			compatibilityVersion = "Xcode 13.0";
			developmentRegion = en;
			hasScannedForEncodings = 0;
			knownRegions = (
				en,
				Base,
			);
			mainGroup = 85FA3393279A0E880041A4DB;
			productRefGroup = 85FA339D279A0E880041A4DB /* Products */;
			projectDirPath = "";
			projectRoot = "";
			targets = (
				85FA339B279A0E880041A4DB /* calcuu_test */,
			);
		};
/* End PBXProject section */

/* Begin PBXResourcesBuildPhase section */
		85FA339A279A0E880041A4DB /* Resources */ = {
			isa = PBXResourcesBuildPhase;
			buildActionMask = 2147483647;
			files = (
				85FA33AF279A0E8A0041A4DB /* LaunchScreen.storyboard in Resources */,
				85FA33AC279A0E8A0041A4DB /* Assets.xcassets in Resources */,
				85FA33AA279A0E880041A4DB /* Main.storyboard in Resources */,
			);
			runOnlyForDeploymentPostprocessing = 0;
		};
/* End PBXResourcesBuildPhase section */

/* Begin PBXSourcesBuildPhase section */
		85FA3398279A0E880041A4DB /* Sources */ = {
			isa = PBXSourcesBuildPhase;
			buildActionMask = 2147483647;
			files = (
				85FA33A7279A0E880041A4DB /* ViewController.m in Sources */,
				85FA33A1279A0E880041A4DB /* AppDelegate.m in Sources */,
				85FA33B2279A0E8A0041A4DB /* main.m in Sources */,
				85FA33A4279A0E880041A4DB /* SceneDelegate.m in Sources */,
			);
			runOnlyForDeploymentPostprocessing = 0;
		};
/* End PBXSourcesBuildPhase section */

/* Begin PBXVariantGroup section */
		85FA33A8279A0E880041A4DB /* Main.storyboard */ = {
			isa = PBXVariantGroup;
			children = (
				85FA33A9279A0E880041A4DB /* Base */,
			);
			name = Main.storyboard;
			sourceTree = "<group>";
		};
		85FA33AD279A0E8A0041A4DB /* LaunchScreen.storyboard */ = {
			isa = PBXVariantGroup;
			children = (
				85FA33AE279A0E8A0041A4DB /* Base */,
			);
			name = LaunchScreen.storyboard;
			sourceTree = "<group>";
		};
/* End PBXVariantGroup section */

/* Begin XCBuildConfiguration section */
		85FA33B3279A0E8A0041A4DB /* Debug */ = {
			isa = XCBuildConfiguration;
			buildSettings = {
				ALWAYS_SEARCH_USER_PATHS = NO;
				CLANG_ANALYZER_NONNULL = YES;
				CLANG_ANALYZER_NUMBER_OBJECT_CONVERSION = YES_AGGRESSIVE;
				CLANG_CXX_LANGUAGE_STANDARD = "gnu++17";
				CLANG_CXX_LIBRARY = "libc++";
				CLANG_ENABLE_MODULES = YES;
				CLANG_ENABLE_OBJC_ARC = YES;
				CLANG_ENABLE_OBJC_WEAK = YES;
				CLANG_WARN_BLOCK_CAPTURE_AUTORELEASING = YES;
				CLANG_WARN_BOOL_CONVERSION = YES;
				CLANG_WARN_COMMA = YES;
				CLANG_WARN_CONSTANT_CONVERSION = YES;
				CLANG_WARN_DEPRECATED_OBJC_IMPLEMENTATIONS = YES;
				CLANG_WARN_DIRECT_OBJC_ISA_USAGE = YES_ERROR;
				CLANG_WARN_DOCUMENTATION_COMMENTS = YES;
				CLANG_WARN_EMPTY_BODY = YES;
				CLANG_WARN_ENUM_CONVERSION = YES;
				CLANG_WARN_INFINITE_RECURSION = YES;
				CLANG_WARN_INT_CONVERSION = YES;
				CLANG_WARN_NON_LITERAL_NULL_CONVERSION = YES;
				CLANG_WARN_OBJC_IMPLICIT_RETAIN_SELF = YES;
				CLANG_WARN_OBJC_LITERAL_CONVERSION = YES;
				CLANG_WARN_OBJC_ROOT_CLASS = YES_ERROR;
				CLANG_WARN_QUOTED_INCLUDE_IN_FRAMEWORK_HEADER = YES;
				CLANG_WARN_RANGE_LOOP_ANALYSIS = YES;
				CLANG_WARN_STRICT_PROTOTYPES = YES;
				CLANG_WARN_SUSPICIOUS_MOVE = YES;
				CLANG_WARN_UNGUARDED_AVAILABILITY = YES_AGGRESSIVE;
				CLANG_WARN_UNREACHABLE_CODE = YES;
				CLANG_WARN__DUPLICATE_METHOD_MATCH = YES;
				COPY_PHASE_STRIP = NO;
				DEBUG_INFORMATION_FORMAT = dwarf;
				ENABLE_STRICT_OBJC_MSGSEND = YES;
				ENABLE_TESTABILITY = YES;
				GCC_C_LANGUAGE_STANDARD = gnu11;
				GCC_DYNAMIC_NO_PIC = NO;
				GCC_NO_COMMON_BLOCKS = YES;
				GCC_OPTIMIZATION_LEVEL = 0;
				GCC_PREPROCESSOR_DEFINITIONS = (
					"DEBUG=1",
					"$(inherited)",
				);
				GCC_WARN_64_TO_32_BIT_CONVERSION = YES;
				GCC_WARN_ABOUT_RETURN_TYPE = YES_ERROR;
				GCC_WARN_UNDECLARED_SELECTOR = YES;
				GCC_WARN_UNINITIALIZED_AUTOS = YES_AGGRESSIVE;
				GCC_WARN_UNUSED_FUNCTION = YES;
				GCC_WARN_UNUSED_VARIABLE = YES;
				IPHONEOS_DEPLOYMENT_TARGET = 15.2;
				MTL_ENABLE_DEBUG_INFO = INCLUDE_SOURCE;
				MTL_FAST_MATH = YES;
				ONLY_ACTIVE_ARCH = YES;
				SDKROOT = iphoneos;
			};
			name = Debug;
		};
		85FA33B4279A0E8A0041A4DB /* Release */ = {
			isa = XCBuildConfiguration;
			buildSettings = {
				ALWAYS_SEARCH_USER_PATHS = NO;
				CLANG_ANALYZER_NONNULL = YES;
				CLANG_ANALYZER_NUMBER_OBJECT_CONVERSION = YES_AGGRESSIVE;
				CLANG_CXX_LANGUAGE_STANDARD = "gnu++17";
				CLANG_CXX_LIBRARY = "libc++";
				CLANG_ENABLE_MODULES = YES;
				CLANG_ENABLE_OBJC_ARC = YES;
				CLANG_ENABLE_OBJC_WEAK = YES;
				CLANG_WARN_BLOCK_CAPTURE_AUTORELEASING = YES;
				CLANG_WARN_BOOL_CONVERSION = YES;
				CLANG_WARN_COMMA = YES;
				CLANG_WARN_CONSTANT_CONVERSION = YES;
				CLANG_WARN_DEPRECATED_OBJC_IMPLEMENTATIONS = YES;
				CLANG_WARN_DIRECT_OBJC_ISA_USAGE = YES_ERROR;
				CLANG_WARN_DOCUMENTATION_COMMENTS = YES;
				CLANG_WARN_EMPTY_BODY = YES;
				CLANG_WARN_ENUM_CONVERSION = YES;
				CLANG_WARN_INFINITE_RECURSION = YES;
				CLANG_WARN_INT_CONVERSION = YES;
				CLANG_WARN_NON_LITERAL_NULL_CONVERSION = YES;
				CLANG_WARN_OBJC_IMPLICIT_RETAIN_SELF = YES;
				CLANG_WARN_OBJC_LITERAL_CONVERSION = YES;
				CLANG_WARN_OBJC_ROOT_CLASS = YES_ERROR;
				CLANG_WARN_QUOTED_INCLUDE_IN_FRAMEWORK_HEADER = YES;
				CLANG_WARN_RANGE_LOOP_ANALYSIS = YES;
				CLANG_WARN_STRICT_PROTOTYPES = YES;
				CLANG_WARN_SUSPICIOUS_MOVE = YES;
				CLANG_WARN_UNGUARDED_AVAILABILITY = YES_AGGRESSIVE;
				CLANG_WARN_UNREACHABLE_CODE = YES;
				CLANG_WARN__DUPLICATE_METHOD_MATCH = YES;
				COPY_PHASE_STRIP = NO;
				DEBUG_INFORMATION_FORMAT = "dwarf-with-dsym";
				ENABLE_NS_ASSERTIONS = NO;
				ENABLE_STRICT_OBJC_MSGSEND = YES;
				GCC_C_LANGUAGE_STANDARD = gnu11;
				GCC_NO_COMMON_BLOCKS = YES;
				GCC_WARN_64_TO_32_BIT_CONVERSION = YES;
				GCC_WARN_ABOUT_RETURN_TYPE = YES_ERROR;
				GCC_WARN_UNDECLARED_SELECTOR = YES;
				GCC_WARN_UNINITIALIZED_AUTOS = YES_AGGRESSIVE;
				GCC_WARN_UNUSED_FUNCTION = YES;
				GCC_WARN_UNUSED_VARIABLE = YES;
				IPHONEOS_DEPLOYMENT_TARGET = 15.2;
				MTL_ENABLE_DEBUG_INFO = NO;
				MTL_FAST_MATH = YES;
				SDKROOT = iphoneos;
				VALIDATE_PRODUCT = YES;
			};
			name = Release;
		};
		85FA33B6279A0E8A0041A4DB /* Debug */ = {
			isa = XCBuildConfiguration;
			buildSettings = {
				ASSETCATALOG_COMPILER_APPICON_NAME = AppIcon;
				ASSETCATALOG_COMPILER_GLOBAL_ACCENT_COLOR_NAME = AccentColor;
				CODE_SIGN_STYLE = Automatic;
				CURRENT_PROJECT_VERSION = 1;
				DEVELOPMENT_TEAM = D9ACXVN2BM;
				GENERATE_INFOPLIST_FILE = YES;
				INFOPLIST_FILE = calcuu_test/Info.plist;
				INFOPLIST_KEY_UIApplicationSupportsIndirectInputEvents = YES;
				INFOPLIST_KEY_UILaunchStoryboardName = LaunchScreen;
				INFOPLIST_KEY_UIMainStoryboardFile = Main;
				INFOPLIST_KEY_UISupportedInterfaceOrientations_iPad = "UIInterfaceOrientationPortrait UIInterfaceOrientationPortraitUpsideDown UIInterfaceOrientationLandscapeLeft UIInterfaceOrientationLandscapeRight";
				INFOPLIST_KEY_UISupportedInterfaceOrientations_iPhone = "UIInterfaceOrientationPortrait UIInterfaceOrientationLandscapeLeft UIInterfaceOrientationLandscapeRight";
				LD_RUNPATH_SEARCH_PATHS = (
					"$(inherited)",
					"@executable_path/Frameworks",
				);
				MARKETING_VERSION = 1.0;
				PRODUCT_BUNDLE_IDENTIFIER = "omar-ahmed.calcuu-test";
				PRODUCT_NAME = "$(TARGET_NAME)";
				SWIFT_EMIT_LOC_STRINGS = YES;
				TARGETED_DEVICE_FAMILY = "1,2";
			};
			name = Debug;
		};
		85FA33B7279A0E8A0041A4DB /* Release */ = {
			isa = XCBuildConfiguration;
			buildSettings = {
				ASSETCATALOG_COMPILER_APPICON_NAME = AppIcon;
				ASSETCATALOG_COMPILER_GLOBAL_ACCENT_COLOR_NAME = AccentColor;
				CODE_SIGN_STYLE = Automatic;
				CURRENT_PROJECT_VERSION = 1;
				DEVELOPMENT_TEAM = D9ACXVN2BM;
				GENERATE_INFOPLIST_FILE = YES;
				INFOPLIST_FILE = calcuu_test/Info.plist;
				INFOPLIST_KEY_UIApplicationSupportsIndirectInputEvents = YES;
				INFOPLIST_KEY_UILaunchStoryboardName = LaunchScreen;
				INFOPLIST_KEY_UIMainStoryboardFile = Main;
				INFOPLIST_KEY_UISupportedInterfaceOrientations_iPad = "UIInterfaceOrientationPortrait UIInterfaceOrientationPortraitUpsideDown UIInterfaceOrientationLandscapeLeft UIInterfaceOrientationLandscapeRight";
				INFOPLIST_KEY_UISupportedInterfaceOrientations_iPhone = "UIInterfaceOrientationPortrait UIInterfaceOrientationLandscapeLeft UIInterfaceOrientationLandscapeRight";
				LD_RUNPATH_SEARCH_PATHS = (
					"$(inherited)",
					"@executable_path/Frameworks",
				);
				MARKETING_VERSION = 1.0;
				PRODUCT_BUNDLE_IDENTIFIER = "omar-ahmed.calcuu-test";
				PRODUCT_NAME = "$(TARGET_NAME)";
				SWIFT_EMIT_LOC_STRINGS = YES;
				TARGETED_DEVICE_FAMILY = "1,2";
			};
			name = Release;
		};
/* End XCBuildConfiguration section */

/* Begin XCConfigurationList section */
		85FA3397279A0E880041A4DB /* Build configuration list for PBXProject "calcuu_test" */ = {
			isa = XCConfigurationList;
			buildConfigurations = (
				85FA33B3279A0E8A0041A4DB /* Debug */,
				85FA33B4279A0E8A0041A4DB /* Release */,
			);
			defaultConfigurationIsVisible = 0;
			defaultConfigurationName = Release;
		};
		85FA33B5279A0E8A0041A4DB /* Build configuration list for PBXNativeTarget "calcuu_test" */ = {
			isa = XCConfigurationList;
			buildConfigurations = (
				85FA33B6279A0E8A0041A4DB /* Debug */,
				85FA33B7279A0E8A0041A4DB /* Release */,
			);
			defaultConfigurationIsVisible = 0;
			defaultConfigurationName = Release;
		};
/* End XCConfigurationList section */
	};
	rootObject = 85FA3394279A0E880041A4DB /* Project object */;
}
